
Microsoft Visual Studio Solution File, Format Version 12.00
# Visual Studio Version 17
VisualStudioVersion = 17.10.35027.167
MinimumVisualStudioVersion = 10.0.40219.1
Project("{FAE04EC0-301F-11D3-BF4B-00C04F79EFBC}") = "testWorker", "testWorker\testWorker.csproj", "{8E1E1DDD-54E2-4E1D-94C9-C5C9BF2F5DEC}"
EndProject
Project("{2150E333-8FDC-42A3-9474-1A3956D46DE8}") = "Solution Items", "Solution Items", "{0B7575C4-95D8-4671-90ED-4BBC66F71305}"
	ProjectSection(SolutionItems) = preProject
		Directory.Build.props = Directory.Build.props
		global.json = global.json
	EndProjectSection
EndProject
Global
	GlobalSection(SolutionConfigurationPlatforms) = preSolution
		Debug|Any CPU = Debug|Any CPU
		Release|Any CPU = Release|Any CPU
	EndGlobalSection
	GlobalSection(ProjectConfigurationPlatforms) = postSolution
		{8E1E1DDD-54E2-4E1D-94C9-C5C9BF2F5DEC}.Debug|Any CPU.ActiveCfg = Debug|Any CPU
		{8E1E1DDD-54E2-4E1D-94C9-C5C9BF2F5DEC}.Debug|Any CPU.Build.0 = Debug|Any CPU
		{8E1E1DDD-54E2-4E1D-94C9-C5C9BF2F5DEC}.Release|Any CPU.ActiveCfg = Release|Any CPU
		{8E1E1DDD-54E2-4E1D-94C9-C5C9BF2F5DEC}.Release|Any CPU.Build.0 = Release|Any CPU
	EndGlobalSection
	GlobalSection(SolutionProperties) = preSolution
		HideSolutionNode = FALSE
	EndGlobalSection
	GlobalSection(ExtensibilityGlobals) = postSolution
		SolutionGuid = {42106634-5D3F-4670-AFB1-9EEB4B10A859}
	EndGlobalSection
EndGlobal
